
Microsoft Visual Studio Solution File, Format Version 12.00
# Visual Studio Version 17
VisualStudioVersion = 17.14.36408.4 d17.14
MinimumVisualStudioVersion = 10.0.40219.1
Project("{FAE04EC0-301F-11D3-BF4B-00C04F79EFBC}") = "Project_01", "Project_01\Project_01.csproj", "{871E682E-31AA-4CA9-9BBA-18A50D8742E8}"
EndProject
Project("{FAE04EC0-301F-11D3-BF4B-00C04F79EFBC}") = "Projeto_02", "Projeto_02\Projeto_02.csproj", "{9B60C197-BE11-4D1A-813C-97A7DB341F0F}"
EndProject
Global
	GlobalSection(SolutionConfigurationPlatforms) = preSolution
		Debug|Any CPU = Debug|Any CPU
		Release|Any CPU = Release|Any CPU
	EndGlobalSection
	GlobalSection(ProjectConfigurationPlatforms) = postSolution
		{871E682E-31AA-4CA9-9BBA-18A50D8742E8}.Debug|Any CPU.ActiveCfg = Debug|Any CPU
		{871E682E-31AA-4CA9-9BBA-18A50D8742E8}.Debug|Any CPU.Build.0 = Debug|Any CPU
		{871E682E-31AA-4CA9-9BBA-18A50D8742E8}.Release|Any CPU.ActiveCfg = Release|Any CPU
		{871E682E-31AA-4CA9-9BBA-18A50D8742E8}.Release|Any CPU.Build.0 = Release|Any CPU
		{9B60C197-BE11-4D1A-813C-97A7DB341F0F}.Debug|Any CPU.ActiveCfg = Debug|Any CPU
		{9B60C197-BE11-4D1A-813C-97A7DB341F0F}.Debug|Any CPU.Build.0 = Debug|Any CPU
		{9B60C197-BE11-4D1A-813C-97A7DB341F0F}.Release|Any CPU.ActiveCfg = Release|Any CPU
		{9B60C197-BE11-4D1A-813C-97A7DB341F0F}.Release|Any CPU.Build.0 = Release|Any CPU
	EndGlobalSection
	GlobalSection(SolutionProperties) = preSolution
		HideSolutionNode = FALSE
	EndGlobalSection
	GlobalSection(ExtensibilityGlobals) = postSolution
		SolutionGuid = {4337D17D-D64E-4151-8A04-EA8BB35AA699}
	EndGlobalSection
EndGlobal
